
Microsoft Visual Studio Solution File, Format Version 12.00
# Visual Studio Version 17
VisualStudioVersion = 17.0.31903.59
MinimumVisualStudioVersion = 10.0.40219.1
Project("{FAE04EC0-301F-11D3-BF4B-00C04F79EFBC}") = "API", "API\API.csproj", "{04338551-501F-47D4-9AA1-E55947DEC1C9}"
EndProject
Project("{FAE04EC0-301F-11D3-BF4B-00C04F79EFBC}") = "Application", "Application\Application.csproj", "{9475460A-08CB-4798-9F64-16F6D1E24582}"
EndProject
Project("{FAE04EC0-301F-11D3-BF4B-00C04F79EFBC}") = "Domain", "Domain\Domain.csproj", "{D54B51C9-9DE0-44BD-AB4E-6CB3CEFF0993}"
EndProject
Project("{FAE04EC0-301F-11D3-BF4B-00C04F79EFBC}") = "Persistence", "Persistence\Persistence.csproj", "{D9969AA3-1463-45B1-BEA5-7C77B2176006}"
EndProject
Global
	GlobalSection(SolutionConfigurationPlatforms) = preSolution
		Debug|Any CPU = Debug|Any CPU
		Release|Any CPU = Release|Any CPU
	EndGlobalSection
	GlobalSection(SolutionProperties) = preSolution
		HideSolutionNode = FALSE
	EndGlobalSection
	GlobalSection(ProjectConfigurationPlatforms) = postSolution
		{04338551-501F-47D4-9AA1-E55947DEC1C9}.Debug|Any CPU.ActiveCfg = Debug|Any CPU
		{04338551-501F-47D4-9AA1-E55947DEC1C9}.Debug|Any CPU.Build.0 = Debug|Any CPU
		{04338551-501F-47D4-9AA1-E55947DEC1C9}.Release|Any CPU.ActiveCfg = Release|Any CPU
		{04338551-501F-47D4-9AA1-E55947DEC1C9}.Release|Any CPU.Build.0 = Release|Any CPU
		{9475460A-08CB-4798-9F64-16F6D1E24582}.Debug|Any CPU.ActiveCfg = Debug|Any CPU
		{9475460A-08CB-4798-9F64-16F6D1E24582}.Debug|Any CPU.Build.0 = Debug|Any CPU
		{9475460A-08CB-4798-9F64-16F6D1E24582}.Release|Any CPU.ActiveCfg = Release|Any CPU
		{9475460A-08CB-4798-9F64-16F6D1E24582}.Release|Any CPU.Build.0 = Release|Any CPU
		{D54B51C9-9DE0-44BD-AB4E-6CB3CEFF0993}.Debug|Any CPU.ActiveCfg = Debug|Any CPU
		{D54B51C9-9DE0-44BD-AB4E-6CB3CEFF0993}.Debug|Any CPU.Build.0 = Debug|Any CPU
		{D54B51C9-9DE0-44BD-AB4E-6CB3CEFF0993}.Release|Any CPU.ActiveCfg = Release|Any CPU
		{D54B51C9-9DE0-44BD-AB4E-6CB3CEFF0993}.Release|Any CPU.Build.0 = Release|Any CPU
		{D9969AA3-1463-45B1-BEA5-7C77B2176006}.Debug|Any CPU.ActiveCfg = Debug|Any CPU
		{D9969AA3-1463-45B1-BEA5-7C77B2176006}.Debug|Any CPU.Build.0 = Debug|Any CPU
		{D9969AA3-1463-45B1-BEA5-7C77B2176006}.Release|Any CPU.ActiveCfg = Release|Any CPU
		{D9969AA3-1463-45B1-BEA5-7C77B2176006}.Release|Any CPU.Build.0 = Release|Any CPU
	EndGlobalSection
EndGlobal
